// !$*UTF8*$!
{
	archiveVersion = 1;
	classes = {
	};
	objectVersion = 52;
	objects = {

/* Begin PBXBuildFile section */
		2816FC5627FBB42A002E3380 /* AppDelegate.swift in Sources */ = {isa = PBXBuildFile; fileRef = 2816FC5527FBB42A002E3380 /* AppDelegate.swift */; };
		2816FC5827FBB42A002E3380 /* SceneDelegate.swift in Sources */ = {isa = PBXBuildFile; fileRef = 2816FC5727FBB42A002E3380 /* SceneDelegate.swift */; };
		2816FC5A27FBB42A002E3380 /* MainTabBarViewController.swift in Sources */ = {isa = PBXBuildFile; fileRef = 2816FC5927FBB42A002E3380 /* MainTabBarViewController.swift */; };
		2816FC5F27FBB42B002E3380 /* Assets.xcassets in Resources */ = {isa = PBXBuildFile; fileRef = 2816FC5E27FBB42B002E3380 /* Assets.xcassets */; };
		2816FC6227FBB42B002E3380 /* LaunchScreen.storyboard in Resources */ = {isa = PBXBuildFile; fileRef = 2816FC6027FBB42B002E3380 /* LaunchScreen.storyboard */; };
		2816FC6F27FBB655002E3380 /* HomeViewController.swift in Sources */ = {isa = PBXBuildFile; fileRef = 2816FC6E27FBB655002E3380 /* HomeViewController.swift */; };
		2816FC7327FBB6A3002E3380 /* UpcomingViewController.swift in Sources */ = {isa = PBXBuildFile; fileRef = 2816FC7227FBB6A3002E3380 /* UpcomingViewController.swift */; };
		2816FC7627FBB6D2002E3380 /* SearchViewController.swift in Sources */ = {isa = PBXBuildFile; fileRef = 2816FC7527FBB6D2002E3380 /* SearchViewController.swift */; };
		2816FC7927FBB6F4002E3380 /* DownloadsViewController.swift in Sources */ = {isa = PBXBuildFile; fileRef = 2816FC7827FBB6F4002E3380 /* DownloadsViewController.swift */; };
		2816FC8127FBBDCC002E3380 /* CollectionViewTableViewCell.swift in Sources */ = {isa = PBXBuildFile; fileRef = 2816FC8027FBBDCC002E3380 /* CollectionViewTableViewCell.swift */; };
		2816FC8527FBC43A002E3380 /* HeroHeaderUIView.swift in Sources */ = {isa = PBXBuildFile; fileRef = 2816FC8427FBC43A002E3380 /* HeroHeaderUIView.swift */; };
		2818C0E827FD07F8006C4911 /* YoutubeResponseViewModel.swift in Sources */ = {isa = PBXBuildFile; fileRef = 2818C0E727FD07F8006C4911 /* YoutubeResponseViewModel.swift */; };
		2818C0EB27FD09FA006C4911 /* MoviePreviewViewController.swift in Sources */ = {isa = PBXBuildFile; fileRef = 2818C0EA27FD09FA006C4911 /* MoviePreviewViewController.swift */; };
		284C291527FCC11D00CBB288 /* SearchViewModel.swift in Sources */ = {isa = PBXBuildFile; fileRef = 284C291427FCC11D00CBB288 /* SearchViewModel.swift */; };
		284C291827FCC38200CBB288 /* SearchResultViewController.swift in Sources */ = {isa = PBXBuildFile; fileRef = 284C291727FCC38200CBB288 /* SearchResultViewController.swift */; };
		284C291B27FCE91E00CBB288 /* YoutubeResponse.swift in Sources */ = {isa = PBXBuildFile; fileRef = 284C291A27FCE91E00CBB288 /* YoutubeResponse.swift */; };
		289EE9FF280A122700A57662 /* TargetType.swift in Sources */ = {isa = PBXBuildFile; fileRef = 289EE9FE280A122700A57662 /* TargetType.swift */; };
		289EEA07280A13A400A57662 /* BaseAPI.swift in Sources */ = {isa = PBXBuildFile; fileRef = 289EEA06280A13A400A57662 /* BaseAPI.swift */; };
		28C4C37827FBE5D8001C8D7E /* APICaller.swift in Sources */ = {isa = PBXBuildFile; fileRef = 28C4C37727FBE5D8001C8D7E /* APICaller.swift */; };
		28CBF09027FC782F00CD9CA3 /* Movie.swift in Sources */ = {isa = PBXBuildFile; fileRef = 28CBF08F27FC782F00CD9CA3 /* Movie.swift */; };
		28CBF09327FC7DBA00CD9CA3 /* Extensions.swift in Sources */ = {isa = PBXBuildFile; fileRef = 28CBF09227FC7DBA00CD9CA3 /* Extensions.swift */; };
		28CBF09A27FC851600CD9CA3 /* MovieCollectionViewCell.swift in Sources */ = {isa = PBXBuildFile; fileRef = 28CBF09927FC851600CD9CA3 /* MovieCollectionViewCell.swift */; };
		28CBF09E27FC867400CD9CA3 /* SDWebImage in Frameworks */ = {isa = PBXBuildFile; productRef = 28CBF09D27FC867400CD9CA3 /* SDWebImage */; };
		28CBF0A027FC867400CD9CA3 /* SDWebImageMapKit in Frameworks */ = {isa = PBXBuildFile; productRef = 28CBF09F27FC867400CD9CA3 /* SDWebImageMapKit */; };
		28CBF0A327FC8B2800CD9CA3 /* MovieViewModel.swift in Sources */ = {isa = PBXBuildFile; fileRef = 28CBF0A227FC8B2800CD9CA3 /* MovieViewModel.swift */; };
		28CBF0A627FC9D7100CD9CA3 /* MovieTableViewCell.swift in Sources */ = {isa = PBXBuildFile; fileRef = 28CBF0A527FC9D7100CD9CA3 /* MovieTableViewCell.swift */; };
		28CBF0A927FCA0C200CD9CA3 /* UpcommingViewModel.swift in Sources */ = {isa = PBXBuildFile; fileRef = 28CBF0A827FCA0C200CD9CA3 /* UpcommingViewModel.swift */; };
		28CC41C227FE04BE00E9C78C /* NetflixCloneModel.xcdatamodeld in Sources */ = {isa = PBXBuildFile; fileRef = 28CC41C027FE04BE00E9C78C /* NetflixCloneModel.xcdatamodeld */; };
		28CC41C527FE04F700E9C78C /* CoreDataManager.swift in Sources */ = {isa = PBXBuildFile; fileRef = 28CC41C427FE04F700E9C78C /* CoreDataManager.swift */; };
		28CC41C827FE0A1000E9C78C /* CoreDataViewModel.swift in Sources */ = {isa = PBXBuildFile; fileRef = 28CC41C727FE0A1000E9C78C /* CoreDataViewModel.swift */; };
		5E75AE5F98B295344DEC55BB /* Pods_NetflixClone.framework in Frameworks */ = {isa = PBXBuildFile; fileRef = 3155B9B9A8E85319D407718C /* Pods_NetflixClone.framework */; };
/* End PBXBuildFile section */

/* Begin PBXFileReference section */
		2816FC5227FBB42A002E3380 /* NetflixClone.app */ = {isa = PBXFileReference; explicitFileType = wrapper.application; includeInIndex = 0; path = NetflixClone.app; sourceTree = BUILT_PRODUCTS_DIR; };
		2816FC5527FBB42A002E3380 /* AppDelegate.swift */ = {isa = PBXFileReference; lastKnownFileType = sourcecode.swift; path = AppDelegate.swift; sourceTree = "<group>"; };
		2816FC5727FBB42A002E3380 /* SceneDelegate.swift */ = {isa = PBXFileReference; lastKnownFileType = sourcecode.swift; path = SceneDelegate.swift; sourceTree = "<group>"; };
		2816FC5927FBB42A002E3380 /* MainTabBarViewController.swift */ = {isa = PBXFileReference; lastKnownFileType = sourcecode.swift; path = MainTabBarViewController.swift; sourceTree = "<group>"; };
		2816FC5E27FBB42B002E3380 /* Assets.xcassets */ = {isa = PBXFileReference; lastKnownFileType = folder.assetcatalog; path = Assets.xcassets; sourceTree = "<group>"; };
		2816FC6127FBB42B002E3380 /* Base */ = {isa = PBXFileReference; lastKnownFileType = file.storyboard; name = Base; path = Base.lproj/LaunchScreen.storyboard; sourceTree = "<group>"; };
		2816FC6327FBB42B002E3380 /* Info.plist */ = {isa = PBXFileReference; lastKnownFileType = text.plist.xml; path = Info.plist; sourceTree = "<group>"; };
		2816FC6E27FBB655002E3380 /* HomeViewController.swift */ = {isa = PBXFileReference; lastKnownFileType = sourcecode.swift; path = HomeViewController.swift; sourceTree = "<group>"; };
		2816FC7227FBB6A3002E3380 /* UpcomingViewController.swift */ = {isa = PBXFileReference; lastKnownFileType = sourcecode.swift; path = UpcomingViewController.swift; sourceTree = "<group>"; };
		2816FC7527FBB6D2002E3380 /* SearchViewController.swift */ = {isa = PBXFileReference; lastKnownFileType = sourcecode.swift; path = SearchViewController.swift; sourceTree = "<group>"; };
		2816FC7827FBB6F4002E3380 /* DownloadsViewController.swift */ = {isa = PBXFileReference; lastKnownFileType = sourcecode.swift; path = DownloadsViewController.swift; sourceTree = "<group>"; };
		2816FC8027FBBDCC002E3380 /* CollectionViewTableViewCell.swift */ = {isa = PBXFileReference; lastKnownFileType = sourcecode.swift; path = CollectionViewTableViewCell.swift; sourceTree = "<group>"; };
		2816FC8427FBC43A002E3380 /* HeroHeaderUIView.swift */ = {isa = PBXFileReference; lastKnownFileType = sourcecode.swift; path = HeroHeaderUIView.swift; sourceTree = "<group>"; };
		2818C0E727FD07F8006C4911 /* YoutubeResponseViewModel.swift */ = {isa = PBXFileReference; lastKnownFileType = sourcecode.swift; path = YoutubeResponseViewModel.swift; sourceTree = "<group>"; };
		2818C0EA27FD09FA006C4911 /* MoviePreviewViewController.swift */ = {isa = PBXFileReference; lastKnownFileType = sourcecode.swift; path = MoviePreviewViewController.swift; sourceTree = "<group>"; };
		284C291427FCC11D00CBB288 /* SearchViewModel.swift */ = {isa = PBXFileReference; lastKnownFileType = sourcecode.swift; path = SearchViewModel.swift; sourceTree = "<group>"; };
		284C291727FCC38200CBB288 /* SearchResultViewController.swift */ = {isa = PBXFileReference; lastKnownFileType = sourcecode.swift; path = SearchResultViewController.swift; sourceTree = "<group>"; };
		284C291A27FCE91E00CBB288 /* YoutubeResponse.swift */ = {isa = PBXFileReference; lastKnownFileType = sourcecode.swift; path = YoutubeResponse.swift; sourceTree = "<group>"; };
		289EE9FE280A122700A57662 /* TargetType.swift */ = {isa = PBXFileReference; lastKnownFileType = sourcecode.swift; path = TargetType.swift; sourceTree = "<group>"; };
		289EEA06280A13A400A57662 /* BaseAPI.swift */ = {isa = PBXFileReference; lastKnownFileType = sourcecode.swift; path = BaseAPI.swift; sourceTree = "<group>"; };
		28C4C37727FBE5D8001C8D7E /* APICaller.swift */ = {isa = PBXFileReference; lastKnownFileType = sourcecode.swift; path = APICaller.swift; sourceTree = "<group>"; };
		28CBF08F27FC782F00CD9CA3 /* Movie.swift */ = {isa = PBXFileReference; lastKnownFileType = sourcecode.swift; path = Movie.swift; sourceTree = "<group>"; };
		28CBF09227FC7DBA00CD9CA3 /* Extensions.swift */ = {isa = PBXFileReference; lastKnownFileType = sourcecode.swift; path = Extensions.swift; sourceTree = "<group>"; };
		28CBF09927FC851600CD9CA3 /* MovieCollectionViewCell.swift */ = {isa = PBXFileReference; lastKnownFileType = sourcecode.swift; path = MovieCollectionViewCell.swift; sourceTree = "<group>"; };
		28CBF0A227FC8B2800CD9CA3 /* MovieViewModel.swift */ = {isa = PBXFileReference; lastKnownFileType = sourcecode.swift; path = MovieViewModel.swift; sourceTree = "<group>"; };
		28CBF0A527FC9D7100CD9CA3 /* MovieTableViewCell.swift */ = {isa = PBXFileReference; lastKnownFileType = sourcecode.swift; path = MovieTableViewCell.swift; sourceTree = "<group>"; };
		28CBF0A827FCA0C200CD9CA3 /* UpcommingViewModel.swift */ = {isa = PBXFileReference; lastKnownFileType = sourcecode.swift; path = UpcommingViewModel.swift; sourceTree = "<group>"; };
		28CC41C127FE04BE00E9C78C /* NetflixCloneModel.xcdatamodel */ = {isa = PBXFileReference; lastKnownFileType = wrapper.xcdatamodel; path = NetflixCloneModel.xcdatamodel; sourceTree = "<group>"; };
		28CC41C427FE04F700E9C78C /* CoreDataManager.swift */ = {isa = PBXFileReference; lastKnownFileType = sourcecode.swift; path = CoreDataManager.swift; sourceTree = "<group>"; };
		28CC41C727FE0A1000E9C78C /* CoreDataViewModel.swift */ = {isa = PBXFileReference; lastKnownFileType = sourcecode.swift; path = CoreDataViewModel.swift; sourceTree = "<group>"; };
		3155B9B9A8E85319D407718C /* Pods_NetflixClone.framework */ = {isa = PBXFileReference; explicitFileType = wrapper.framework; includeInIndex = 0; path = Pods_NetflixClone.framework; sourceTree = BUILT_PRODUCTS_DIR; };
		81A6F938FB8735B3E87D5CE3 /* Pods-NetflixClone.release.xcconfig */ = {isa = PBXFileReference; includeInIndex = 1; lastKnownFileType = text.xcconfig; name = "Pods-NetflixClone.release.xcconfig"; path = "Target Support Files/Pods-NetflixClone/Pods-NetflixClone.release.xcconfig"; sourceTree = "<group>"; };
		9D29A38D3C124BA2523D8BC3 /* Pods-NetflixClone.debug.xcconfig */ = {isa = PBXFileReference; includeInIndex = 1; lastKnownFileType = text.xcconfig; name = "Pods-NetflixClone.debug.xcconfig"; path = "Target Support Files/Pods-NetflixClone/Pods-NetflixClone.debug.xcconfig"; sourceTree = "<group>"; };
/* End PBXFileReference section */

/* Begin PBXFrameworksBuildPhase section */
		2816FC4F27FBB42A002E3380 /* Frameworks */ = {
			isa = PBXFrameworksBuildPhase;
			buildActionMask = 2147483647;
			files = (
				28CBF0A027FC867400CD9CA3 /* SDWebImageMapKit in Frameworks */,
				28CBF09E27FC867400CD9CA3 /* SDWebImage in Frameworks */,
				5E75AE5F98B295344DEC55BB /* Pods_NetflixClone.framework in Frameworks */,
			);
			runOnlyForDeploymentPostprocessing = 0;
		};
/* End PBXFrameworksBuildPhase section */

/* Begin PBXGroup section */
		2816FC4927FBB42A002E3380 = {
			isa = PBXGroup;
			children = (
				2816FC5427FBB42A002E3380 /* NetflixClone */,
				2816FC5327FBB42A002E3380 /* Products */,
				CF7BBCDAEE916E585353AB8E /* Pods */,
				AED7E91FC02940069D94AA01 /* Frameworks */,
			);
			sourceTree = "<group>";
		};
		2816FC5327FBB42A002E3380 /* Products */ = {
			isa = PBXGroup;
			children = (
				2816FC5227FBB42A002E3380 /* NetflixClone.app */,
			);
			name = Products;
			sourceTree = "<group>";
		};
		2816FC5427FBB42A002E3380 /* NetflixClone */ = {
			isa = PBXGroup;
			children = (
				289EE9FD280A120F00A57662 /* Networking */,
				2816FC7E27FBBD6B002E3380 /* Resources */,
				2816FC7F27FBBD76002E3380 /* Managers */,
				2816FC7D27FBBD47002E3380 /* Models */,
				2816FC7B27FBBD38002E3380 /* Views */,
				2816FC7C27FBBD3E002E3380 /* ViewModels */,
				2816FC6D27FBB628002E3380 /* Controllers */,
				2816FC6327FBB42B002E3380 /* Info.plist */,
				28CC41C027FE04BE00E9C78C /* NetflixCloneModel.xcdatamodeld */,
			);
			path = NetflixClone;
			sourceTree = "<group>";
		};
		2816FC6D27FBB628002E3380 /* Controllers */ = {
			isa = PBXGroup;
			children = (
				2816FC6E27FBB655002E3380 /* HomeViewController.swift */,
				2816FC7227FBB6A3002E3380 /* UpcomingViewController.swift */,
				2816FC7527FBB6D2002E3380 /* SearchViewController.swift */,
				2816FC7827FBB6F4002E3380 /* DownloadsViewController.swift */,
				2816FC5927FBB42A002E3380 /* MainTabBarViewController.swift */,
				284C291727FCC38200CBB288 /* SearchResultViewController.swift */,
				2818C0EA27FD09FA006C4911 /* MoviePreviewViewController.swift */,
			);
			path = Controllers;
			sourceTree = "<group>";
		};
		2816FC7B27FBBD38002E3380 /* Views */ = {
			isa = PBXGroup;
			children = (
				2816FC8027FBBDCC002E3380 /* CollectionViewTableViewCell.swift */,
				2816FC8427FBC43A002E3380 /* HeroHeaderUIView.swift */,
				28CBF09927FC851600CD9CA3 /* MovieCollectionViewCell.swift */,
				28CBF0A527FC9D7100CD9CA3 /* MovieTableViewCell.swift */,
			);
			path = Views;
			sourceTree = "<group>";
		};
		2816FC7C27FBBD3E002E3380 /* ViewModels */ = {
			isa = PBXGroup;
			children = (
				28CBF0A227FC8B2800CD9CA3 /* MovieViewModel.swift */,
				28CBF0A827FCA0C200CD9CA3 /* UpcommingViewModel.swift */,
				284C291427FCC11D00CBB288 /* SearchViewModel.swift */,
				2818C0E727FD07F8006C4911 /* YoutubeResponseViewModel.swift */,
				28CC41C727FE0A1000E9C78C /* CoreDataViewModel.swift */,
			);
			path = ViewModels;
			sourceTree = "<group>";
		};
		2816FC7D27FBBD47002E3380 /* Models */ = {
			isa = PBXGroup;
			children = (
				28CBF08F27FC782F00CD9CA3 /* Movie.swift */,
				284C291A27FCE91E00CBB288 /* YoutubeResponse.swift */,
			);
			path = Models;
			sourceTree = "<group>";
		};
		2816FC7E27FBBD6B002E3380 /* Resources */ = {
			isa = PBXGroup;
			children = (
				28CBF09227FC7DBA00CD9CA3 /* Extensions.swift */,
				2816FC5527FBB42A002E3380 /* AppDelegate.swift */,
				2816FC5727FBB42A002E3380 /* SceneDelegate.swift */,
				2816FC5E27FBB42B002E3380 /* Assets.xcassets */,
				2816FC6027FBB42B002E3380 /* LaunchScreen.storyboard */,
			);
			path = Resources;
			sourceTree = "<group>";
		};
		2816FC7F27FBBD76002E3380 /* Managers */ = {
			isa = PBXGroup;
			children = (
				28C4C37727FBE5D8001C8D7E /* APICaller.swift */,
				28CC41C427FE04F700E9C78C /* CoreDataManager.swift */,
			);
			path = Managers;
			sourceTree = "<group>";
		};
		289EE9FD280A120F00A57662 /* Networking */ = {
			isa = PBXGroup;
			children = (
				289EE9FE280A122700A57662 /* TargetType.swift */,
				289EEA06280A13A400A57662 /* BaseAPI.swift */,
			);
			path = Networking;
			sourceTree = "<group>";
		};
		AED7E91FC02940069D94AA01 /* Frameworks */ = {
			isa = PBXGroup;
			children = (
				3155B9B9A8E85319D407718C /* Pods_NetflixClone.framework */,
			);
			name = Frameworks;
			sourceTree = "<group>";
		};
		CF7BBCDAEE916E585353AB8E /* Pods */ = {
			isa = PBXGroup;
			children = (
				9D29A38D3C124BA2523D8BC3 /* Pods-NetflixClone.debug.xcconfig */,
				81A6F938FB8735B3E87D5CE3 /* Pods-NetflixClone.release.xcconfig */,
			);
			path = Pods;
			sourceTree = "<group>";
		};
/* End PBXGroup section */

/* Begin PBXNativeTarget section */
		2816FC5127FBB42A002E3380 /* NetflixClone */ = {
			isa = PBXNativeTarget;
			buildConfigurationList = 2816FC6627FBB42B002E3380 /* Build configuration list for PBXNativeTarget "NetflixClone" */;
			buildPhases = (
				CBCEAA585233D6DA286467E4 /* [CP] Check Pods Manifest.lock */,
				2816FC4E27FBB42A002E3380 /* Sources */,
				2816FC4F27FBB42A002E3380 /* Frameworks */,
				2816FC5027FBB42A002E3380 /* Resources */,
				7CB88EBFBED0A9CC47B5F6C3 /* [CP] Embed Pods Frameworks */,
			);
			buildRules = (
			);
			dependencies = (
			);
			name = NetflixClone;
			packageProductDependencies = (
				28CBF09D27FC867400CD9CA3 /* SDWebImage */,
				28CBF09F27FC867400CD9CA3 /* SDWebImageMapKit */,
			);
			productName = NetflixClone;
			productReference = 2816FC5227FBB42A002E3380 /* NetflixClone.app */;
			productType = "com.apple.product-type.application";
		};
/* End PBXNativeTarget section */

/* Begin PBXProject section */
		2816FC4A27FBB42A002E3380 /* Project object */ = {
			isa = PBXProject;
			attributes = {
				LastSwiftUpdateCheck = 1240;
				LastUpgradeCheck = 1240;
				TargetAttributes = {
					2816FC5127FBB42A002E3380 = {
						CreatedOnToolsVersion = 12.4;
					};
				};
			};
			buildConfigurationList = 2816FC4D27FBB42A002E3380 /* Build configuration list for PBXProject "NetflixClone" */;
			compatibilityVersion = "Xcode 9.3";
			developmentRegion = en;
			hasScannedForEncodings = 0;
			knownRegions = (
				en,
				Base,
			);
			mainGroup = 2816FC4927FBB42A002E3380;
			packageReferences = (
				28CBF09C27FC867400CD9CA3 /* XCRemoteSwiftPackageReference "SDWebImage" */,
			);
			productRefGroup = 2816FC5327FBB42A002E3380 /* Products */;
			projectDirPath = "";
			projectRoot = "";
			targets = (
				2816FC5127FBB42A002E3380 /* NetflixClone */,
			);
		};
/* End PBXProject section */

/* Begin PBXResourcesBuildPhase section */
		2816FC5027FBB42A002E3380 /* Resources */ = {
			isa = PBXResourcesBuildPhase;
			buildActionMask = 2147483647;
			files = (
				2816FC6227FBB42B002E3380 /* LaunchScreen.storyboard in Resources */,
				2816FC5F27FBB42B002E3380 /* Assets.xcassets in Resources */,
			);
			runOnlyForDeploymentPostprocessing = 0;
		};
/* End PBXResourcesBuildPhase section */

/* Begin PBXShellScriptBuildPhase section */
		7CB88EBFBED0A9CC47B5F6C3 /* [CP] Embed Pods Frameworks */ = {
			isa = PBXShellScriptBuildPhase;
			buildActionMask = 2147483647;
			files = (
			);
			inputFileListPaths = (
				"${PODS_ROOT}/Target Support Files/Pods-NetflixClone/Pods-NetflixClone-frameworks-${CONFIGURATION}-input-files.xcfilelist",
			);
			name = "[CP] Embed Pods Frameworks";
			outputFileListPaths = (
				"${PODS_ROOT}/Target Support Files/Pods-NetflixClone/Pods-NetflixClone-frameworks-${CONFIGURATION}-output-files.xcfilelist",
			);
			runOnlyForDeploymentPostprocessing = 0;
			shellPath = /bin/sh;
			shellScript = "\"${PODS_ROOT}/Target Support Files/Pods-NetflixClone/Pods-NetflixClone-frameworks.sh\"\n";
			showEnvVarsInLog = 0;
		};
		CBCEAA585233D6DA286467E4 /* [CP] Check Pods Manifest.lock */ = {
			isa = PBXShellScriptBuildPhase;
			buildActionMask = 2147483647;
			files = (
			);
			inputFileListPaths = (
			);
			inputPaths = (
				"${PODS_PODFILE_DIR_PATH}/Podfile.lock",
				"${PODS_ROOT}/Manifest.lock",
			);
			name = "[CP] Check Pods Manifest.lock";
			outputFileListPaths = (
			);
			outputPaths = (
				"$(DERIVED_FILE_DIR)/Pods-NetflixClone-checkManifestLockResult.txt",
			);
			runOnlyForDeploymentPostprocessing = 0;
			shellPath = /bin/sh;
			shellScript = "diff \"${PODS_PODFILE_DIR_PATH}/Podfile.lock\" \"${PODS_ROOT}/Manifest.lock\" > /dev/null\nif [ $? != 0 ] ; then\n    # print error to STDERR\n    echo \"error: The sandbox is not in sync with the Podfile.lock. Run 'pod install' or update your CocoaPods installation.\" >&2\n    exit 1\nfi\n# This output is used by Xcode 'outputs' to avoid re-running this script phase.\necho \"SUCCESS\" > \"${SCRIPT_OUTPUT_FILE_0}\"\n";
			showEnvVarsInLog = 0;
		};
/* End PBXShellScriptBuildPhase section */

/* Begin PBXSourcesBuildPhase section */
		2816FC4E27FBB42A002E3380 /* Sources */ = {
			isa = PBXSourcesBuildPhase;
			buildActionMask = 2147483647;
			files = (
				289EE9FF280A122700A57662 /* TargetType.swift in Sources */,
				2816FC7627FBB6D2002E3380 /* SearchViewController.swift in Sources */,
				28CC41C827FE0A1000E9C78C /* CoreDataViewModel.swift in Sources */,
				28CBF09A27FC851600CD9CA3 /* MovieCollectionViewCell.swift in Sources */,
				2816FC5A27FBB42A002E3380 /* MainTabBarViewController.swift in Sources */,
				2816FC8127FBBDCC002E3380 /* CollectionViewTableViewCell.swift in Sources */,
				28CC41C227FE04BE00E9C78C /* NetflixCloneModel.xcdatamodeld in Sources */,
				28C4C37827FBE5D8001C8D7E /* APICaller.swift in Sources */,
				28CBF0A627FC9D7100CD9CA3 /* MovieTableViewCell.swift in Sources */,
				28CBF0A327FC8B2800CD9CA3 /* MovieViewModel.swift in Sources */,
				28CC41C527FE04F700E9C78C /* CoreDataManager.swift in Sources */,
				2816FC8527FBC43A002E3380 /* HeroHeaderUIView.swift in Sources */,
				2818C0EB27FD09FA006C4911 /* MoviePreviewViewController.swift in Sources */,
				2816FC7927FBB6F4002E3380 /* DownloadsViewController.swift in Sources */,
				2818C0E827FD07F8006C4911 /* YoutubeResponseViewModel.swift in Sources */,
				2816FC5627FBB42A002E3380 /* AppDelegate.swift in Sources */,
				284C291B27FCE91E00CBB288 /* YoutubeResponse.swift in Sources */,
				284C291827FCC38200CBB288 /* SearchResultViewController.swift in Sources */,
				28CBF09327FC7DBA00CD9CA3 /* Extensions.swift in Sources */,
				2816FC5827FBB42A002E3380 /* SceneDelegate.swift in Sources */,
				2816FC7327FBB6A3002E3380 /* UpcomingViewController.swift in Sources */,
				28CBF09027FC782F00CD9CA3 /* Movie.swift in Sources */,
				284C291527FCC11D00CBB288 /* SearchViewModel.swift in Sources */,
				28CBF0A927FCA0C200CD9CA3 /* UpcommingViewModel.swift in Sources */,
				2816FC6F27FBB655002E3380 /* HomeViewController.swift in Sources */,
				289EEA07280A13A400A57662 /* BaseAPI.swift in Sources */,
			);
			runOnlyForDeploymentPostprocessing = 0;
		};
/* End PBXSourcesBuildPhase section */

/* Begin PBXVariantGroup section */
		2816FC6027FBB42B002E3380 /* LaunchScreen.storyboard */ = {
			isa = PBXVariantGroup;
			children = (
				2816FC6127FBB42B002E3380 /* Base */,
			);
			name = LaunchScreen.storyboard;
			sourceTree = "<group>";
		};
/* End PBXVariantGroup section */

/* Begin XCBuildConfiguration section */
		2816FC6427FBB42B002E3380 /* Debug */ = {
			isa = XCBuildConfiguration;
			buildSettings = {
				ALWAYS_SEARCH_USER_PATHS = NO;
				CLANG_ANALYZER_NONNULL = YES;
				CLANG_ANALYZER_NUMBER_OBJECT_CONVERSION = YES_AGGRESSIVE;
				CLANG_CXX_LANGUAGE_STANDARD = "gnu++14";
				CLANG_CXX_LIBRARY = "libc++";
				CLANG_ENABLE_MODULES = YES;
				CLANG_ENABLE_OBJC_ARC = YES;
				CLANG_ENABLE_OBJC_WEAK = YES;
				CLANG_WARN_BLOCK_CAPTURE_AUTORELEASING = YES;
				CLANG_WARN_BOOL_CONVERSION = YES;
				CLANG_WARN_COMMA = YES;
				CLANG_WARN_CONSTANT_CONVERSION = YES;
				CLANG_WARN_DEPRECATED_OBJC_IMPLEMENTATIONS = YES;
				CLANG_WARN_DIRECT_OBJC_ISA_USAGE = YES_ERROR;
				CLANG_WARN_DOCUMENTATION_COMMENTS = YES;
				CLANG_WARN_EMPTY_BODY = YES;
				CLANG_WARN_ENUM_CONVERSION = YES;
				CLANG_WARN_INFINITE_RECURSION = YES;
				CLANG_WARN_INT_CONVERSION = YES;
				CLANG_WARN_NON_LITERAL_NULL_CONVERSION = YES;
				CLANG_WARN_OBJC_IMPLICIT_RETAIN_SELF = YES;
				CLANG_WARN_OBJC_LITERAL_CONVERSION = YES;
				CLANG_WARN_OBJC_ROOT_CLASS = YES_ERROR;
				CLANG_WARN_QUOTED_INCLUDE_IN_FRAMEWORK_HEADER = YES;
				CLANG_WARN_RANGE_LOOP_ANALYSIS = YES;
				CLANG_WARN_STRICT_PROTOTYPES = YES;
				CLANG_WARN_SUSPICIOUS_MOVE = YES;
				CLANG_WARN_UNGUARDED_AVAILABILITY = YES_AGGRESSIVE;
				CLANG_WARN_UNREACHABLE_CODE = YES;
				CLANG_WARN__DUPLICATE_METHOD_MATCH = YES;
				COPY_PHASE_STRIP = NO;
				DEBUG_INFORMATION_FORMAT = dwarf;
				ENABLE_STRICT_OBJC_MSGSEND = YES;
				ENABLE_TESTABILITY = YES;
				GCC_C_LANGUAGE_STANDARD = gnu11;
				GCC_DYNAMIC_NO_PIC = NO;
				GCC_NO_COMMON_BLOCKS = YES;
				GCC_OPTIMIZATION_LEVEL = 0;
				GCC_PREPROCESSOR_DEFINITIONS = (
					"DEBUG=1",
					"$(inherited)",
				);
				GCC_WARN_64_TO_32_BIT_CONVERSION = YES;
				GCC_WARN_ABOUT_RETURN_TYPE = YES_ERROR;
				GCC_WARN_UNDECLARED_SELECTOR = YES;
				GCC_WARN_UNINITIALIZED_AUTOS = YES_AGGRESSIVE;
				GCC_WARN_UNUSED_FUNCTION = YES;
				GCC_WARN_UNUSED_VARIABLE = YES;
				IPHONEOS_DEPLOYMENT_TARGET = 14.4;
				MTL_ENABLE_DEBUG_INFO = INCLUDE_SOURCE;
				MTL_FAST_MATH = YES;
				ONLY_ACTIVE_ARCH = YES;
				SDKROOT = iphoneos;
				SWIFT_ACTIVE_COMPILATION_CONDITIONS = DEBUG;
				SWIFT_OPTIMIZATION_LEVEL = "-Onone";
			};
			name = Debug;
		};
		2816FC6527FBB42B002E3380 /* Release */ = {
			isa = XCBuildConfiguration;
			buildSettings = {
				ALWAYS_SEARCH_USER_PATHS = NO;
				CLANG_ANALYZER_NONNULL = YES;
				CLANG_ANALYZER_NUMBER_OBJECT_CONVERSION = YES_AGGRESSIVE;
				CLANG_CXX_LANGUAGE_STANDARD = "gnu++14";
				CLANG_CXX_LIBRARY = "libc++";
				CLANG_ENABLE_MODULES = YES;
				CLANG_ENABLE_OBJC_ARC = YES;
				CLANG_ENABLE_OBJC_WEAK = YES;
				CLANG_WARN_BLOCK_CAPTURE_AUTORELEASING = YES;
				CLANG_WARN_BOOL_CONVERSION = YES;
				CLANG_WARN_COMMA = YES;
				CLANG_WARN_CONSTANT_CONVERSION = YES;
				CLANG_WARN_DEPRECATED_OBJC_IMPLEMENTATIONS = YES;
				CLANG_WARN_DIRECT_OBJC_ISA_USAGE = YES_ERROR;
				CLANG_WARN_DOCUMENTATION_COMMENTS = YES;
				CLANG_WARN_EMPTY_BODY = YES;
				CLANG_WARN_ENUM_CONVERSION = YES;
				CLANG_WARN_INFINITE_RECURSION = YES;
				CLANG_WARN_INT_CONVERSION = YES;
				CLANG_WARN_NON_LITERAL_NULL_CONVERSION = YES;
				CLANG_WARN_OBJC_IMPLICIT_RETAIN_SELF = YES;
				CLANG_WARN_OBJC_LITERAL_CONVERSION = YES;
				CLANG_WARN_OBJC_ROOT_CLASS = YES_ERROR;
				CLANG_WARN_QUOTED_INCLUDE_IN_FRAMEWORK_HEADER = YES;
				CLANG_WARN_RANGE_LOOP_ANALYSIS = YES;
				CLANG_WARN_STRICT_PROTOTYPES = YES;
				CLANG_WARN_SUSPICIOUS_MOVE = YES;
				CLANG_WARN_UNGUARDED_AVAILABILITY = YES_AGGRESSIVE;
				CLANG_WARN_UNREACHABLE_CODE = YES;
				CLANG_WARN__DUPLICATE_METHOD_MATCH = YES;
				COPY_PHASE_STRIP = NO;
				DEBUG_INFORMATION_FORMAT = "dwarf-with-dsym";
				ENABLE_NS_ASSERTIONS = NO;
				ENABLE_STRICT_OBJC_MSGSEND = YES;
				GCC_C_LANGUAGE_STANDARD = gnu11;
				GCC_NO_COMMON_BLOCKS = YES;
				GCC_WARN_64_TO_32_BIT_CONVERSION = YES;
				GCC_WARN_ABOUT_RETURN_TYPE = YES_ERROR;
				GCC_WARN_UNDECLARED_SELECTOR = YES;
				GCC_WARN_UNINITIALIZED_AUTOS = YES_AGGRESSIVE;
				GCC_WARN_UNUSED_FUNCTION = YES;
				GCC_WARN_UNUSED_VARIABLE = YES;
				IPHONEOS_DEPLOYMENT_TARGET = 14.4;
				MTL_ENABLE_DEBUG_INFO = NO;
				MTL_FAST_MATH = YES;
				SDKROOT = iphoneos;
				SWIFT_COMPILATION_MODE = wholemodule;
				SWIFT_OPTIMIZATION_LEVEL = "-O";
				VALIDATE_PRODUCT = YES;
			};
			name = Release;
		};
		2816FC6727FBB42B002E3380 /* Debug */ = {
			isa = XCBuildConfiguration;
			baseConfigurationReference = 9D29A38D3C124BA2523D8BC3 /* Pods-NetflixClone.debug.xcconfig */;
			buildSettings = {
				ASSETCATALOG_COMPILER_APPICON_NAME = AppIcon;
				ASSETCATALOG_COMPILER_GLOBAL_ACCENT_COLOR_NAME = AccentColor;
				CODE_SIGN_STYLE = Automatic;
				INFOPLIST_FILE = NetflixClone/Info.plist;
				LD_RUNPATH_SEARCH_PATHS = (
					"$(inherited)",
					"@executable_path/Frameworks",
				);
				PRODUCT_BUNDLE_IDENTIFIER = com.eslam.NetflixClone;
				PRODUCT_NAME = "$(TARGET_NAME)";
				SWIFT_VERSION = 5.0;
				TARGETED_DEVICE_FAMILY = "1,2";
			};
			name = Debug;
		};
		2816FC6827FBB42B002E3380 /* Release */ = {
			isa = XCBuildConfiguration;
			baseConfigurationReference = 81A6F938FB8735B3E87D5CE3 /* Pods-NetflixClone.release.xcconfig */;
			buildSettings = {
				ASSETCATALOG_COMPILER_APPICON_NAME = AppIcon;
				ASSETCATALOG_COMPILER_GLOBAL_ACCENT_COLOR_NAME = AccentColor;
				CODE_SIGN_STYLE = Automatic;
				INFOPLIST_FILE = NetflixClone/Info.plist;
				LD_RUNPATH_SEARCH_PATHS = (
					"$(inherited)",
					"@executable_path/Frameworks",
				);
				PRODUCT_BUNDLE_IDENTIFIER = com.eslam.NetflixClone;
				PRODUCT_NAME = "$(TARGET_NAME)";
				SWIFT_VERSION = 5.0;
				TARGETED_DEVICE_FAMILY = "1,2";
			};
			name = Release;
		};
/* End XCBuildConfiguration section */

/* Begin XCConfigurationList section */
		2816FC4D27FBB42A002E3380 /* Build configuration list for PBXProject "NetflixClone" */ = {
			isa = XCConfigurationList;
			buildConfigurations = (
				2816FC6427FBB42B002E3380 /* Debug */,
				2816FC6527FBB42B002E3380 /* Release */,
			);
			defaultConfigurationIsVisible = 0;
			defaultConfigurationName = Release;
		};
		2816FC6627FBB42B002E3380 /* Build configuration list for PBXNativeTarget "NetflixClone" */ = {
			isa = XCConfigurationList;
			buildConfigurations = (
				2816FC6727FBB42B002E3380 /* Debug */,
				2816FC6827FBB42B002E3380 /* Release */,
			);
			defaultConfigurationIsVisible = 0;
			defaultConfigurationName = Release;
		};
/* End XCConfigurationList section */

/* Begin XCRemoteSwiftPackageReference section */
		28CBF09C27FC867400CD9CA3 /* XCRemoteSwiftPackageReference "SDWebImage" */ = {
			isa = XCRemoteSwiftPackageReference;
			repositoryURL = "https://github.com/SDWebImage/SDWebImage.git";
			requirement = {
				kind = upToNextMajorVersion;
				minimumVersion = 5.12.5;
			};
		};
/* End XCRemoteSwiftPackageReference section */

/* Begin XCSwiftPackageProductDependency section */
		28CBF09D27FC867400CD9CA3 /* SDWebImage */ = {
			isa = XCSwiftPackageProductDependency;
			package = 28CBF09C27FC867400CD9CA3 /* XCRemoteSwiftPackageReference "SDWebImage" */;
			productName = SDWebImage;
		};
		28CBF09F27FC867400CD9CA3 /* SDWebImageMapKit */ = {
			isa = XCSwiftPackageProductDependency;
			package = 28CBF09C27FC867400CD9CA3 /* XCRemoteSwiftPackageReference "SDWebImage" */;
			productName = SDWebImageMapKit;
		};
/* End XCSwiftPackageProductDependency section */

/* Begin XCVersionGroup section */
		28CC41C027FE04BE00E9C78C /* NetflixCloneModel.xcdatamodeld */ = {
			isa = XCVersionGroup;
			children = (
				28CC41C127FE04BE00E9C78C /* NetflixCloneModel.xcdatamodel */,
			);
			currentVersion = 28CC41C127FE04BE00E9C78C /* NetflixCloneModel.xcdatamodel */;
			path = NetflixCloneModel.xcdatamodeld;
			sourceTree = "<group>";
			versionGroupType = wrapper.xcdatamodel;
		};
/* End XCVersionGroup section */
	};
	rootObject = 2816FC4A27FBB42A002E3380 /* Project object */;
}
